
Microsoft Visual Studio Solution File, Format Version 12.00
# Visual Studio Version 17
VisualStudioVersion = 17.14.36301.6 d17.14
MinimumVisualStudioVersion = 10.0.40219.1
Project("{FAE04EC0-301F-11D3-BF4B-00C04F79EFBC}") = "BIFrontend", "BIFrontend\BIFrontend.csproj", "{B77CAFAE-6713-4438-8983-2833AE4E51F4}"
EndProject
Global
	GlobalSection(SolutionConfigurationPlatforms) = preSolution
		Debug|Any CPU = Debug|Any CPU
		Release|Any CPU = Release|Any CPU
	EndGlobalSection
	GlobalSection(ProjectConfigurationPlatforms) = postSolution
		{B77CAFAE-6713-4438-8983-2833AE4E51F4}.Debug|Any CPU.ActiveCfg = Debug|Any CPU
		{B77CAFAE-6713-4438-8983-2833AE4E51F4}.Debug|Any CPU.Build.0 = Debug|Any CPU
		{B77CAFAE-6713-4438-8983-2833AE4E51F4}.Release|Any CPU.ActiveCfg = Release|Any CPU
		{B77CAFAE-6713-4438-8983-2833AE4E51F4}.Release|Any CPU.Build.0 = Release|Any CPU
	EndGlobalSection
	GlobalSection(SolutionProperties) = preSolution
		HideSolutionNode = FALSE
	EndGlobalSection
	GlobalSection(ExtensibilityGlobals) = postSolution
		SolutionGuid = {20701DC0-3AD6-4257-8132-1FAE9E2ED8D4}
	EndGlobalSection
EndGlobal
